// !$*UTF8*$!
{
	archiveVersion = 1;
	classes = {
	};
	objectVersion = 50;
	objects = {

/* Begin PBXBuildFile section */
		2162BEEA24E7FA4500BEE369 /* AppDelegate.swift in Sources */ = {isa = PBXBuildFile; fileRef = 2162BEE924E7FA4500BEE369 /* AppDelegate.swift */; };
		2162BEEE24E7FA4500BEE369 /* ViewController.swift in Sources */ = {isa = PBXBuildFile; fileRef = 2162BEED24E7FA4500BEE369 /* ViewController.swift */; };
		2162BEF124E7FA4500BEE369 /* Main.storyboard in Resources */ = {isa = PBXBuildFile; fileRef = 2162BEEF24E7FA4500BEE369 /* Main.storyboard */; };
		2162BEF324E7FA4700BEE369 /* Assets.xcassets in Resources */ = {isa = PBXBuildFile; fileRef = 2162BEF224E7FA4700BEE369 /* Assets.xcassets */; };
		2162BEF624E7FA4700BEE369 /* LaunchScreen.storyboard in Resources */ = {isa = PBXBuildFile; fileRef = 2162BEF424E7FA4700BEE369 /* LaunchScreen.storyboard */; };
		2162BEFC24E8020C00BEE369 /* GraphView.swift in Sources */ = {isa = PBXBuildFile; fileRef = 2162BEFB24E8020C00BEE369 /* GraphView.swift */; };
		2162BEFD24E80D8400BEE369 /* PollingController.framework in Frameworks */ = {isa = PBXBuildFile; fileRef = 21892ACA24E5209000630677 /* PollingController.framework */; };
		2162BEFE24E80D8400BEE369 /* PollingController.framework in Embed Frameworks */ = {isa = PBXBuildFile; fileRef = 21892ACA24E5209000630677 /* PollingController.framework */; settings = {ATTRIBUTES = (CodeSignOnCopy, RemoveHeadersOnCopy, ); }; };
		21892AD424E5209000630677 /* PollingController.framework in Frameworks */ = {isa = PBXBuildFile; fileRef = 21892ACA24E5209000630677 /* PollingController.framework */; };
		21892AD924E5209000630677 /* PollingControllerTests.swift in Sources */ = {isa = PBXBuildFile; fileRef = 21892AD824E5209000630677 /* PollingControllerTests.swift */; };
		21892ADB24E5209000630677 /* PollingController.h in Headers */ = {isa = PBXBuildFile; fileRef = 21892ACD24E5209000630677 /* PollingController.h */; settings = {ATTRIBUTES = (Public, ); }; };
		21892AE724E521A600630677 /* PollingController.swift in Sources */ = {isa = PBXBuildFile; fileRef = 21892AE624E521A600630677 /* PollingController.swift */; };
		B6EC14F9B75B82597608DB2F /* Pods_PollingController_PollingControllerTests.framework in Frameworks */ = {isa = PBXBuildFile; fileRef = 9E8F674FF5DE3EA8C5031354 /* Pods_PollingController_PollingControllerTests.framework */; };
		E65C2F093E38031967DA2619 /* Pods_PollingController.framework in Frameworks */ = {isa = PBXBuildFile; fileRef = D8940BD2BCE914C9469309BD /* Pods_PollingController.framework */; };
/* End PBXBuildFile section */

/* Begin PBXContainerItemProxy section */
		2162BEFF24E80D8400BEE369 /* PBXContainerItemProxy */ = {
			isa = PBXContainerItemProxy;
			containerPortal = 21892AC124E5209000630677 /* Project object */;
			proxyType = 1;
			remoteGlobalIDString = 21892AC924E5209000630677;
			remoteInfo = PollingController;
		};
		21892AD524E5209000630677 /* PBXContainerItemProxy */ = {
			isa = PBXContainerItemProxy;
			containerPortal = 21892AC124E5209000630677 /* Project object */;
			proxyType = 1;
			remoteGlobalIDString = 21892AC924E5209000630677;
			remoteInfo = PollingController;
		};
/* End PBXContainerItemProxy section */

/* Begin PBXCopyFilesBuildPhase section */
		2162BF0124E80D8400BEE369 /* Embed Frameworks */ = {
			isa = PBXCopyFilesBuildPhase;
			buildActionMask = 2147483647;
			dstPath = "";
			dstSubfolderSpec = 10;
			files = (
				2162BEFE24E80D8400BEE369 /* PollingController.framework in Embed Frameworks */,
			);
			name = "Embed Frameworks";
			runOnlyForDeploymentPostprocessing = 0;
		};
/* End PBXCopyFilesBuildPhase section */

/* Begin PBXFileReference section */
		2162BEE724E7FA4500BEE369 /* PollingControllerDemo.app */ = {isa = PBXFileReference; explicitFileType = wrapper.application; includeInIndex = 0; path = PollingControllerDemo.app; sourceTree = BUILT_PRODUCTS_DIR; };
		2162BEE924E7FA4500BEE369 /* AppDelegate.swift */ = {isa = PBXFileReference; lastKnownFileType = sourcecode.swift; path = AppDelegate.swift; sourceTree = "<group>"; };
		2162BEED24E7FA4500BEE369 /* ViewController.swift */ = {isa = PBXFileReference; lastKnownFileType = sourcecode.swift; path = ViewController.swift; sourceTree = "<group>"; };
		2162BEF024E7FA4500BEE369 /* Base */ = {isa = PBXFileReference; lastKnownFileType = file.storyboard; name = Base; path = Base.lproj/Main.storyboard; sourceTree = "<group>"; };
		2162BEF224E7FA4700BEE369 /* Assets.xcassets */ = {isa = PBXFileReference; lastKnownFileType = folder.assetcatalog; path = Assets.xcassets; sourceTree = "<group>"; };
		2162BEF524E7FA4700BEE369 /* Base */ = {isa = PBXFileReference; lastKnownFileType = file.storyboard; name = Base; path = Base.lproj/LaunchScreen.storyboard; sourceTree = "<group>"; };
		2162BEF724E7FA4700BEE369 /* Info.plist */ = {isa = PBXFileReference; lastKnownFileType = text.plist.xml; path = Info.plist; sourceTree = "<group>"; };
		2162BEFB24E8020C00BEE369 /* GraphView.swift */ = {isa = PBXFileReference; lastKnownFileType = sourcecode.swift; path = GraphView.swift; sourceTree = "<group>"; };
		21892ACA24E5209000630677 /* PollingController.framework */ = {isa = PBXFileReference; explicitFileType = wrapper.framework; includeInIndex = 0; path = PollingController.framework; sourceTree = BUILT_PRODUCTS_DIR; };
		21892ACD24E5209000630677 /* PollingController.h */ = {isa = PBXFileReference; lastKnownFileType = sourcecode.c.h; path = PollingController.h; sourceTree = "<group>"; };
		21892ACE24E5209000630677 /* Info.plist */ = {isa = PBXFileReference; lastKnownFileType = text.plist.xml; path = Info.plist; sourceTree = "<group>"; };
		21892AD324E5209000630677 /* PollingControllerTests.xctest */ = {isa = PBXFileReference; explicitFileType = wrapper.cfbundle; includeInIndex = 0; path = PollingControllerTests.xctest; sourceTree = BUILT_PRODUCTS_DIR; };
		21892AD824E5209000630677 /* PollingControllerTests.swift */ = {isa = PBXFileReference; lastKnownFileType = sourcecode.swift; path = PollingControllerTests.swift; sourceTree = "<group>"; };
		21892ADA24E5209000630677 /* Info.plist */ = {isa = PBXFileReference; lastKnownFileType = text.plist.xml; path = Info.plist; sourceTree = "<group>"; };
		21892AE624E521A600630677 /* PollingController.swift */ = {isa = PBXFileReference; lastKnownFileType = sourcecode.swift; path = PollingController.swift; sourceTree = "<group>"; };
		619A5ED99EC2CD54692AC511 /* Pods-PollingController-PollingControllerTests.debug.xcconfig */ = {isa = PBXFileReference; includeInIndex = 1; lastKnownFileType = text.xcconfig; name = "Pods-PollingController-PollingControllerTests.debug.xcconfig"; path = "Target Support Files/Pods-PollingController-PollingControllerTests/Pods-PollingController-PollingControllerTests.debug.xcconfig"; sourceTree = "<group>"; };
		71B190AB05E9F812AAD6C1FE /* Pods-PollingController.debug.xcconfig */ = {isa = PBXFileReference; includeInIndex = 1; lastKnownFileType = text.xcconfig; name = "Pods-PollingController.debug.xcconfig"; path = "Target Support Files/Pods-PollingController/Pods-PollingController.debug.xcconfig"; sourceTree = "<group>"; };
		91187777334BC59C6672FAEF /* Pods-PollingController-PollingControllerTests.release.xcconfig */ = {isa = PBXFileReference; includeInIndex = 1; lastKnownFileType = text.xcconfig; name = "Pods-PollingController-PollingControllerTests.release.xcconfig"; path = "Target Support Files/Pods-PollingController-PollingControllerTests/Pods-PollingController-PollingControllerTests.release.xcconfig"; sourceTree = "<group>"; };
		9E8F674FF5DE3EA8C5031354 /* Pods_PollingController_PollingControllerTests.framework */ = {isa = PBXFileReference; explicitFileType = wrapper.framework; includeInIndex = 0; path = Pods_PollingController_PollingControllerTests.framework; sourceTree = BUILT_PRODUCTS_DIR; };
		D8940BD2BCE914C9469309BD /* Pods_PollingController.framework */ = {isa = PBXFileReference; explicitFileType = wrapper.framework; includeInIndex = 0; path = Pods_PollingController.framework; sourceTree = BUILT_PRODUCTS_DIR; };
		FB8B715D59F190101EEB1B62 /* Pods-PollingController.release.xcconfig */ = {isa = PBXFileReference; includeInIndex = 1; lastKnownFileType = text.xcconfig; name = "Pods-PollingController.release.xcconfig"; path = "Target Support Files/Pods-PollingController/Pods-PollingController.release.xcconfig"; sourceTree = "<group>"; };
/* End PBXFileReference section */

/* Begin PBXFrameworksBuildPhase section */
		2162BEE424E7FA4500BEE369 /* Frameworks */ = {
			isa = PBXFrameworksBuildPhase;
			buildActionMask = 2147483647;
			files = (
				2162BEFD24E80D8400BEE369 /* PollingController.framework in Frameworks */,
			);
			runOnlyForDeploymentPostprocessing = 0;
		};
		21892AC724E5209000630677 /* Frameworks */ = {
			isa = PBXFrameworksBuildPhase;
			buildActionMask = 2147483647;
			files = (
				E65C2F093E38031967DA2619 /* Pods_PollingController.framework in Frameworks */,
			);
			runOnlyForDeploymentPostprocessing = 0;
		};
		21892AD024E5209000630677 /* Frameworks */ = {
			isa = PBXFrameworksBuildPhase;
			buildActionMask = 2147483647;
			files = (
				21892AD424E5209000630677 /* PollingController.framework in Frameworks */,
				B6EC14F9B75B82597608DB2F /* Pods_PollingController_PollingControllerTests.framework in Frameworks */,
			);
			runOnlyForDeploymentPostprocessing = 0;
		};
/* End PBXFrameworksBuildPhase section */

/* Begin PBXGroup section */
		2162BEE224E7F9B200BEE369 /* Sources */ = {
			isa = PBXGroup;
			children = (
				21892AE624E521A600630677 /* PollingController.swift */,
			);
			path = Sources;
			sourceTree = "<group>";
		};
		2162BEE824E7FA4500BEE369 /* PollingControllerDemo */ = {
			isa = PBXGroup;
			children = (
				2162BEE924E7FA4500BEE369 /* AppDelegate.swift */,
				2162BEED24E7FA4500BEE369 /* ViewController.swift */,
				2162BEFB24E8020C00BEE369 /* GraphView.swift */,
				2162BEEF24E7FA4500BEE369 /* Main.storyboard */,
				2162BEF224E7FA4700BEE369 /* Assets.xcassets */,
				2162BEF424E7FA4700BEE369 /* LaunchScreen.storyboard */,
				2162BEF724E7FA4700BEE369 /* Info.plist */,
			);
			path = PollingControllerDemo;
			sourceTree = "<group>";
		};
		21892AC024E5209000630677 = {
			isa = PBXGroup;
			children = (
				21892ACC24E5209000630677 /* PollingController */,
				21892AD724E5209000630677 /* PollingControllerTests */,
				2162BEE824E7FA4500BEE369 /* PollingControllerDemo */,
				21892ACB24E5209000630677 /* Products */,
				82F4FFDEA844FD24DF956103 /* Pods */,
				A91C4317CCA22882BF506148 /* Frameworks */,
			);
			sourceTree = "<group>";
		};
		21892ACB24E5209000630677 /* Products */ = {
			isa = PBXGroup;
			children = (
				21892ACA24E5209000630677 /* PollingController.framework */,
				21892AD324E5209000630677 /* PollingControllerTests.xctest */,
				2162BEE724E7FA4500BEE369 /* PollingControllerDemo.app */,
			);
			name = Products;
			sourceTree = "<group>";
		};
		21892ACC24E5209000630677 /* PollingController */ = {
			isa = PBXGroup;
			children = (
				21892AE424E520BC00630677 /* Supporting Files */,
				2162BEE224E7F9B200BEE369 /* Sources */,
			);
			path = PollingController;
			sourceTree = "<group>";
		};
		21892AD724E5209000630677 /* PollingControllerTests */ = {
			isa = PBXGroup;
			children = (
				21892AE524E520C300630677 /* Supporting Files */,
				21892AD824E5209000630677 /* PollingControllerTests.swift */,
			);
			path = PollingControllerTests;
			sourceTree = "<group>";
		};
		21892AE424E520BC00630677 /* Supporting Files */ = {
			isa = PBXGroup;
			children = (
				21892ACD24E5209000630677 /* PollingController.h */,
				21892ACE24E5209000630677 /* Info.plist */,
			);
			path = "Supporting Files";
			sourceTree = "<group>";
		};
		21892AE524E520C300630677 /* Supporting Files */ = {
			isa = PBXGroup;
			children = (
				21892ADA24E5209000630677 /* Info.plist */,
			);
			path = "Supporting Files";
			sourceTree = "<group>";
		};
		82F4FFDEA844FD24DF956103 /* Pods */ = {
			isa = PBXGroup;
			children = (
				71B190AB05E9F812AAD6C1FE /* Pods-PollingController.debug.xcconfig */,
				FB8B715D59F190101EEB1B62 /* Pods-PollingController.release.xcconfig */,
				619A5ED99EC2CD54692AC511 /* Pods-PollingController-PollingControllerTests.debug.xcconfig */,
				91187777334BC59C6672FAEF /* Pods-PollingController-PollingControllerTests.release.xcconfig */,
			);
			path = Pods;
			sourceTree = "<group>";
		};
		A91C4317CCA22882BF506148 /* Frameworks */ = {
			isa = PBXGroup;
			children = (
				D8940BD2BCE914C9469309BD /* Pods_PollingController.framework */,
				9E8F674FF5DE3EA8C5031354 /* Pods_PollingController_PollingControllerTests.framework */,
			);
			name = Frameworks;
			sourceTree = "<group>";
		};
/* End PBXGroup section */

/* Begin PBXHeadersBuildPhase section */
		21892AC524E5209000630677 /* Headers */ = {
			isa = PBXHeadersBuildPhase;
			buildActionMask = 2147483647;
			files = (
				21892ADB24E5209000630677 /* PollingController.h in Headers */,
			);
			runOnlyForDeploymentPostprocessing = 0;
		};
/* End PBXHeadersBuildPhase section */

/* Begin PBXNativeTarget section */
		2162BEE624E7FA4500BEE369 /* PollingControllerDemo */ = {
			isa = PBXNativeTarget;
			buildConfigurationList = 2162BEFA24E7FA4700BEE369 /* Build configuration list for PBXNativeTarget "PollingControllerDemo" */;
			buildPhases = (
				2162BEE324E7FA4500BEE369 /* Sources */,
				2162BEE424E7FA4500BEE369 /* Frameworks */,
				2162BEE524E7FA4500BEE369 /* Resources */,
				2162BF0124E80D8400BEE369 /* Embed Frameworks */,
			);
			buildRules = (
			);
			dependencies = (
				2162BF0024E80D8400BEE369 /* PBXTargetDependency */,
			);
			name = PollingControllerDemo;
			productName = PollingControllerDemo;
			productReference = 2162BEE724E7FA4500BEE369 /* PollingControllerDemo.app */;
			productType = "com.apple.product-type.application";
		};
		21892AC924E5209000630677 /* PollingController */ = {
			isa = PBXNativeTarget;
			buildConfigurationList = 21892ADE24E5209000630677 /* Build configuration list for PBXNativeTarget "PollingController" */;
			buildPhases = (
				595C142B1DAABAA041CD192E /* [CP] Check Pods Manifest.lock */,
				21892AC524E5209000630677 /* Headers */,
				21892AC624E5209000630677 /* Sources */,
				21892AC724E5209000630677 /* Frameworks */,
				21892AC824E5209000630677 /* Resources */,
				2162BEE124E7E31C00BEE369 /* SwiftLint */,
			);
			buildRules = (
			);
			dependencies = (
			);
			name = PollingController;
			productName = PollingController;
			productReference = 21892ACA24E5209000630677 /* PollingController.framework */;
			productType = "com.apple.product-type.framework";
		};
		21892AD224E5209000630677 /* PollingControllerTests */ = {
			isa = PBXNativeTarget;
			buildConfigurationList = 21892AE124E5209000630677 /* Build configuration list for PBXNativeTarget "PollingControllerTests" */;
			buildPhases = (
				7F29007507C7E1A01901CCA1 /* [CP] Check Pods Manifest.lock */,
				21892ACF24E5209000630677 /* Sources */,
				21892AD024E5209000630677 /* Frameworks */,
				21892AD124E5209000630677 /* Resources */,
			);
			buildRules = (
			);
			dependencies = (
				21892AD624E5209000630677 /* PBXTargetDependency */,
			);
			name = PollingControllerTests;
			productName = PollingControllerTests;
			productReference = 21892AD324E5209000630677 /* PollingControllerTests.xctest */;
			productType = "com.apple.product-type.bundle.unit-test";
		};
/* End PBXNativeTarget section */

/* Begin PBXProject section */
		21892AC124E5209000630677 /* Project object */ = {
			isa = PBXProject;
			attributes = {
				LastSwiftUpdateCheck = 1160;
				LastUpgradeCheck = 1160;
				ORGANIZATIONNAME = "Lukas Würzburger";
				TargetAttributes = {
					2162BEE624E7FA4500BEE369 = {
						CreatedOnToolsVersion = 11.6;
					};
					21892AC924E5209000630677 = {
						CreatedOnToolsVersion = 11.6;
						LastSwiftMigration = 1160;
					};
					21892AD224E5209000630677 = {
						CreatedOnToolsVersion = 11.6;
					};
				};
			};
			buildConfigurationList = 21892AC424E5209000630677 /* Build configuration list for PBXProject "PollingController" */;
			compatibilityVersion = "Xcode 9.3";
			developmentRegion = en;
			hasScannedForEncodings = 0;
			knownRegions = (
				en,
				Base,
			);
			mainGroup = 21892AC024E5209000630677;
			productRefGroup = 21892ACB24E5209000630677 /* Products */;
			projectDirPath = "";
			projectRoot = "";
			targets = (
				21892AC924E5209000630677 /* PollingController */,
				21892AD224E5209000630677 /* PollingControllerTests */,
				2162BEE624E7FA4500BEE369 /* PollingControllerDemo */,
			);
		};
/* End PBXProject section */

/* Begin PBXResourcesBuildPhase section */
		2162BEE524E7FA4500BEE369 /* Resources */ = {
			isa = PBXResourcesBuildPhase;
			buildActionMask = 2147483647;
			files = (
				2162BEF624E7FA4700BEE369 /* LaunchScreen.storyboard in Resources */,
				2162BEF324E7FA4700BEE369 /* Assets.xcassets in Resources */,
				2162BEF124E7FA4500BEE369 /* Main.storyboard in Resources */,
			);
			runOnlyForDeploymentPostprocessing = 0;
		};
		21892AC824E5209000630677 /* Resources */ = {
			isa = PBXResourcesBuildPhase;
			buildActionMask = 2147483647;
			files = (
			);
			runOnlyForDeploymentPostprocessing = 0;
		};
		21892AD124E5209000630677 /* Resources */ = {
			isa = PBXResourcesBuildPhase;
			buildActionMask = 2147483647;
			files = (
			);
			runOnlyForDeploymentPostprocessing = 0;
		};
/* End PBXResourcesBuildPhase section */

/* Begin PBXShellScriptBuildPhase section */
		2162BEE124E7E31C00BEE369 /* SwiftLint */ = {
			isa = PBXShellScriptBuildPhase;
			buildActionMask = 2147483647;
			files = (
			);
			inputFileListPaths = (
			);
			inputPaths = (
			);
			name = SwiftLint;
			outputFileListPaths = (
			);
			outputPaths = (
			);
			runOnlyForDeploymentPostprocessing = 0;
			shellPath = /bin/sh;
			shellScript = "\"${PODS_ROOT}/SwiftLint/swiftlint\"\n";
		};
		595C142B1DAABAA041CD192E /* [CP] Check Pods Manifest.lock */ = {
			isa = PBXShellScriptBuildPhase;
			buildActionMask = 2147483647;
			files = (
			);
			inputFileListPaths = (
			);
			inputPaths = (
				"${PODS_PODFILE_DIR_PATH}/Podfile.lock",
				"${PODS_ROOT}/Manifest.lock",
			);
			name = "[CP] Check Pods Manifest.lock";
			outputFileListPaths = (
			);
			outputPaths = (
				"$(DERIVED_FILE_DIR)/Pods-PollingController-checkManifestLockResult.txt",
			);
			runOnlyForDeploymentPostprocessing = 0;
			shellPath = /bin/sh;
			shellScript = "diff \"${PODS_PODFILE_DIR_PATH}/Podfile.lock\" \"${PODS_ROOT}/Manifest.lock\" > /dev/null\nif [ $? != 0 ] ; then\n    # print error to STDERR\n    echo \"error: The sandbox is not in sync with the Podfile.lock. Run 'pod install' or update your CocoaPods installation.\" >&2\n    exit 1\nfi\n# This output is used by Xcode 'outputs' to avoid re-running this script phase.\necho \"SUCCESS\" > \"${SCRIPT_OUTPUT_FILE_0}\"\n";
			showEnvVarsInLog = 0;
		};
		7F29007507C7E1A01901CCA1 /* [CP] Check Pods Manifest.lock */ = {
			isa = PBXShellScriptBuildPhase;
			buildActionMask = 2147483647;
			files = (
			);
			inputFileListPaths = (
			);
			inputPaths = (
				"${PODS_PODFILE_DIR_PATH}/Podfile.lock",
				"${PODS_ROOT}/Manifest.lock",
			);
			name = "[CP] Check Pods Manifest.lock";
			outputFileListPaths = (
			);
			outputPaths = (
				"$(DERIVED_FILE_DIR)/Pods-PollingController-PollingControllerTests-checkManifestLockResult.txt",
			);
			runOnlyForDeploymentPostprocessing = 0;
			shellPath = /bin/sh;
			shellScript = "diff \"${PODS_PODFILE_DIR_PATH}/Podfile.lock\" \"${PODS_ROOT}/Manifest.lock\" > /dev/null\nif [ $? != 0 ] ; then\n    # print error to STDERR\n    echo \"error: The sandbox is not in sync with the Podfile.lock. Run 'pod install' or update your CocoaPods installation.\" >&2\n    exit 1\nfi\n# This output is used by Xcode 'outputs' to avoid re-running this script phase.\necho \"SUCCESS\" > \"${SCRIPT_OUTPUT_FILE_0}\"\n";
			showEnvVarsInLog = 0;
		};
/* End PBXShellScriptBuildPhase section */

/* Begin PBXSourcesBuildPhase section */
		2162BEE324E7FA4500BEE369 /* Sources */ = {
			isa = PBXSourcesBuildPhase;
			buildActionMask = 2147483647;
			files = (
				2162BEEE24E7FA4500BEE369 /* ViewController.swift in Sources */,
				2162BEEA24E7FA4500BEE369 /* AppDelegate.swift in Sources */,
				2162BEFC24E8020C00BEE369 /* GraphView.swift in Sources */,
			);
			runOnlyForDeploymentPostprocessing = 0;
		};
		21892AC624E5209000630677 /* Sources */ = {
			isa = PBXSourcesBuildPhase;
			buildActionMask = 2147483647;
			files = (
				21892AE724E521A600630677 /* PollingController.swift in Sources */,
			);
			runOnlyForDeploymentPostprocessing = 0;
		};
		21892ACF24E5209000630677 /* Sources */ = {
			isa = PBXSourcesBuildPhase;
			buildActionMask = 2147483647;
			files = (
				21892AD924E5209000630677 /* PollingControllerTests.swift in Sources */,
			);
			runOnlyForDeploymentPostprocessing = 0;
		};
/* End PBXSourcesBuildPhase section */

/* Begin PBXTargetDependency section */
		2162BF0024E80D8400BEE369 /* PBXTargetDependency */ = {
			isa = PBXTargetDependency;
			target = 21892AC924E5209000630677 /* PollingController */;
			targetProxy = 2162BEFF24E80D8400BEE369 /* PBXContainerItemProxy */;
		};
		21892AD624E5209000630677 /* PBXTargetDependency */ = {
			isa = PBXTargetDependency;
			target = 21892AC924E5209000630677 /* PollingController */;
			targetProxy = 21892AD524E5209000630677 /* PBXContainerItemProxy */;
		};
/* End PBXTargetDependency section */

/* Begin PBXVariantGroup section */
		2162BEEF24E7FA4500BEE369 /* Main.storyboard */ = {
			isa = PBXVariantGroup;
			children = (
				2162BEF024E7FA4500BEE369 /* Base */,
			);
			name = Main.storyboard;
			sourceTree = "<group>";
		};
		2162BEF424E7FA4700BEE369 /* LaunchScreen.storyboard */ = {
			isa = PBXVariantGroup;
			children = (
				2162BEF524E7FA4700BEE369 /* Base */,
			);
			name = LaunchScreen.storyboard;
			sourceTree = "<group>";
		};
/* End PBXVariantGroup section */

/* Begin XCBuildConfiguration section */
		2162BEF824E7FA4700BEE369 /* Debug */ = {
			isa = XCBuildConfiguration;
			buildSettings = {
				ASSETCATALOG_COMPILER_APPICON_NAME = AppIcon;
				CODE_SIGN_STYLE = Automatic;
				INFOPLIST_FILE = PollingControllerDemo/Info.plist;
				IPHONEOS_DEPLOYMENT_TARGET = 13.6;
				LD_RUNPATH_SEARCH_PATHS = (
					"$(inherited)",
					"@executable_path/Frameworks",
				);
				PRODUCT_BUNDLE_IDENTIFIER = de.lukaswuerzburger.PollingControllerDemo;
				PRODUCT_NAME = "$(TARGET_NAME)";
				SWIFT_VERSION = 5.0;
				TARGETED_DEVICE_FAMILY = "1,2";
			};
			name = Debug;
		};
		2162BEF924E7FA4700BEE369 /* Release */ = {
			isa = XCBuildConfiguration;
			buildSettings = {
				ASSETCATALOG_COMPILER_APPICON_NAME = AppIcon;
				CODE_SIGN_STYLE = Automatic;
				INFOPLIST_FILE = PollingControllerDemo/Info.plist;
				IPHONEOS_DEPLOYMENT_TARGET = 13.6;
				LD_RUNPATH_SEARCH_PATHS = (
					"$(inherited)",
					"@executable_path/Frameworks",
				);
				PRODUCT_BUNDLE_IDENTIFIER = de.lukaswuerzburger.PollingControllerDemo;
				PRODUCT_NAME = "$(TARGET_NAME)";
				SWIFT_VERSION = 5.0;
				TARGETED_DEVICE_FAMILY = "1,2";
			};
			name = Release;
		};
		21892ADC24E5209000630677 /* Debug */ = {
			isa = XCBuildConfiguration;
			buildSettings = {
				ALWAYS_SEARCH_USER_PATHS = NO;
				CLANG_ANALYZER_NONNULL = YES;
				CLANG_ANALYZER_NUMBER_OBJECT_CONVERSION = YES_AGGRESSIVE;
				CLANG_CXX_LANGUAGE_STANDARD = "gnu++14";
				CLANG_CXX_LIBRARY = "libc++";
				CLANG_ENABLE_MODULES = YES;
				CLANG_ENABLE_OBJC_ARC = YES;
				CLANG_ENABLE_OBJC_WEAK = YES;
				CLANG_WARN_BLOCK_CAPTURE_AUTORELEASING = YES;
				CLANG_WARN_BOOL_CONVERSION = YES;
				CLANG_WARN_COMMA = YES;
				CLANG_WARN_CONSTANT_CONVERSION = YES;
				CLANG_WARN_DEPRECATED_OBJC_IMPLEMENTATIONS = YES;
				CLANG_WARN_DIRECT_OBJC_ISA_USAGE = YES_ERROR;
				CLANG_WARN_DOCUMENTATION_COMMENTS = YES;
				CLANG_WARN_EMPTY_BODY = YES;
				CLANG_WARN_ENUM_CONVERSION = YES;
				CLANG_WARN_INFINITE_RECURSION = YES;
				CLANG_WARN_INT_CONVERSION = YES;
				CLANG_WARN_NON_LITERAL_NULL_CONVERSION = YES;
				CLANG_WARN_OBJC_IMPLICIT_RETAIN_SELF = YES;
				CLANG_WARN_OBJC_LITERAL_CONVERSION = YES;
				CLANG_WARN_OBJC_ROOT_CLASS = YES_ERROR;
				CLANG_WARN_RANGE_LOOP_ANALYSIS = YES;
				CLANG_WARN_STRICT_PROTOTYPES = YES;
				CLANG_WARN_SUSPICIOUS_MOVE = YES;
				CLANG_WARN_UNGUARDED_AVAILABILITY = YES_AGGRESSIVE;
				CLANG_WARN_UNREACHABLE_CODE = YES;
				CLANG_WARN__DUPLICATE_METHOD_MATCH = YES;
				COPY_PHASE_STRIP = NO;
				CURRENT_PROJECT_VERSION = 2;
				DEBUG_INFORMATION_FORMAT = dwarf;
				ENABLE_STRICT_OBJC_MSGSEND = YES;
				ENABLE_TESTABILITY = YES;
				GCC_C_LANGUAGE_STANDARD = gnu11;
				GCC_DYNAMIC_NO_PIC = NO;
				GCC_NO_COMMON_BLOCKS = YES;
				GCC_OPTIMIZATION_LEVEL = 0;
				GCC_PREPROCESSOR_DEFINITIONS = (
					"DEBUG=1",
					"$(inherited)",
				);
				GCC_WARN_64_TO_32_BIT_CONVERSION = YES;
				GCC_WARN_ABOUT_RETURN_TYPE = YES_ERROR;
				GCC_WARN_UNDECLARED_SELECTOR = YES;
				GCC_WARN_UNINITIALIZED_AUTOS = YES_AGGRESSIVE;
				GCC_WARN_UNUSED_FUNCTION = YES;
				GCC_WARN_UNUSED_VARIABLE = YES;
				IPHONEOS_DEPLOYMENT_TARGET = 10.0;
				MARKETING_VERSION = 1.1.0;
				MTL_ENABLE_DEBUG_INFO = INCLUDE_SOURCE;
				MTL_FAST_MATH = YES;
				ONLY_ACTIVE_ARCH = YES;
				SDKROOT = iphoneos;
				SWIFT_ACTIVE_COMPILATION_CONDITIONS = DEBUG;
				SWIFT_OPTIMIZATION_LEVEL = "-Onone";
				VERSIONING_SYSTEM = "apple-generic";
				VERSION_INFO_PREFIX = "";
			};
			name = Debug;
		};
		21892ADD24E5209000630677 /* Release */ = {
			isa = XCBuildConfiguration;
			buildSettings = {
				ALWAYS_SEARCH_USER_PATHS = NO;
				CLANG_ANALYZER_NONNULL = YES;
				CLANG_ANALYZER_NUMBER_OBJECT_CONVERSION = YES_AGGRESSIVE;
				CLANG_CXX_LANGUAGE_STANDARD = "gnu++14";
				CLANG_CXX_LIBRARY = "libc++";
				CLANG_ENABLE_MODULES = YES;
				CLANG_ENABLE_OBJC_ARC = YES;
				CLANG_ENABLE_OBJC_WEAK = YES;
				CLANG_WARN_BLOCK_CAPTURE_AUTORELEASING = YES;
				CLANG_WARN_BOOL_CONVERSION = YES;
				CLANG_WARN_COMMA = YES;
				CLANG_WARN_CONSTANT_CONVERSION = YES;
				CLANG_WARN_DEPRECATED_OBJC_IMPLEMENTATIONS = YES;
				CLANG_WARN_DIRECT_OBJC_ISA_USAGE = YES_ERROR;
				CLANG_WARN_DOCUMENTATION_COMMENTS = YES;
				CLANG_WARN_EMPTY_BODY = YES;
				CLANG_WARN_ENUM_CONVERSION = YES;
				CLANG_WARN_INFINITE_RECURSION = YES;
				CLANG_WARN_INT_CONVERSION = YES;
				CLANG_WARN_NON_LITERAL_NULL_CONVERSION = YES;
				CLANG_WARN_OBJC_IMPLICIT_RETAIN_SELF = YES;
				CLANG_WARN_OBJC_LITERAL_CONVERSION = YES;
				CLANG_WARN_OBJC_ROOT_CLASS = YES_ERROR;
				CLANG_WARN_RANGE_LOOP_ANALYSIS = YES;
				CLANG_WARN_STRICT_PROTOTYPES = YES;
				CLANG_WARN_SUSPICIOUS_MOVE = YES;
				CLANG_WARN_UNGUARDED_AVAILABILITY = YES_AGGRESSIVE;
				CLANG_WARN_UNREACHABLE_CODE = YES;
				CLANG_WARN__DUPLICATE_METHOD_MATCH = YES;
				COPY_PHASE_STRIP = NO;
				CURRENT_PROJECT_VERSION = 2;
				DEBUG_INFORMATION_FORMAT = "dwarf-with-dsym";
				ENABLE_NS_ASSERTIONS = NO;
				ENABLE_STRICT_OBJC_MSGSEND = YES;
				GCC_C_LANGUAGE_STANDARD = gnu11;
				GCC_NO_COMMON_BLOCKS = YES;
				GCC_WARN_64_TO_32_BIT_CONVERSION = YES;
				GCC_WARN_ABOUT_RETURN_TYPE = YES_ERROR;
				GCC_WARN_UNDECLARED_SELECTOR = YES;
				GCC_WARN_UNINITIALIZED_AUTOS = YES_AGGRESSIVE;
				GCC_WARN_UNUSED_FUNCTION = YES;
				GCC_WARN_UNUSED_VARIABLE = YES;
				IPHONEOS_DEPLOYMENT_TARGET = 10.0;
				MARKETING_VERSION = 1.1.0;
				MTL_ENABLE_DEBUG_INFO = NO;
				MTL_FAST_MATH = YES;
				SDKROOT = iphoneos;
				SWIFT_COMPILATION_MODE = wholemodule;
				SWIFT_OPTIMIZATION_LEVEL = "-O";
				VALIDATE_PRODUCT = YES;
				VERSIONING_SYSTEM = "apple-generic";
				VERSION_INFO_PREFIX = "";
			};
			name = Release;
		};
		21892ADF24E5209000630677 /* Debug */ = {
			isa = XCBuildConfiguration;
			baseConfigurationReference = 71B190AB05E9F812AAD6C1FE /* Pods-PollingController.debug.xcconfig */;
			buildSettings = {
				CLANG_ENABLE_MODULES = YES;
				CODE_SIGN_STYLE = Automatic;
				DEFINES_MODULE = YES;
				DEVELOPMENT_TEAM = UE4U5XA7R9;
				DYLIB_COMPATIBILITY_VERSION = 1;
				DYLIB_CURRENT_VERSION = 1;
				DYLIB_INSTALL_NAME_BASE = "@rpath";
				INFOPLIST_FILE = "PollingController/Supporting Files/Info.plist";
				INSTALL_PATH = "$(LOCAL_LIBRARY_DIR)/Frameworks";
				LD_RUNPATH_SEARCH_PATHS = (
					"$(inherited)",
					"@executable_path/Frameworks",
					"@loader_path/Frameworks",
				);
				PRODUCT_BUNDLE_IDENTIFIER = de.lukaswuerzburger.PollingController;
				PRODUCT_NAME = "$(TARGET_NAME:c99extidentifier)";
				SKIP_INSTALL = YES;
				SWIFT_OPTIMIZATION_LEVEL = "-Onone";
				SWIFT_VERSION = 5.0;
				TARGETED_DEVICE_FAMILY = "1,2";
			};
			name = Debug;
		};
		21892AE024E5209000630677 /* Release */ = {
			isa = XCBuildConfiguration;
			baseConfigurationReference = FB8B715D59F190101EEB1B62 /* Pods-PollingController.release.xcconfig */;
			buildSettings = {
				CLANG_ENABLE_MODULES = YES;
				CODE_SIGN_STYLE = Automatic;
				DEFINES_MODULE = YES;
				DEVELOPMENT_TEAM = UE4U5XA7R9;
				DYLIB_COMPATIBILITY_VERSION = 1;
				DYLIB_CURRENT_VERSION = 1;
				DYLIB_INSTALL_NAME_BASE = "@rpath";
				INFOPLIST_FILE = "PollingController/Supporting Files/Info.plist";
				INSTALL_PATH = "$(LOCAL_LIBRARY_DIR)/Frameworks";
				LD_RUNPATH_SEARCH_PATHS = (
					"$(inherited)",
					"@executable_path/Frameworks",
					"@loader_path/Frameworks",
				);
				PRODUCT_BUNDLE_IDENTIFIER = de.lukaswuerzburger.PollingController;
				PRODUCT_NAME = "$(TARGET_NAME:c99extidentifier)";
				SKIP_INSTALL = YES;
				SWIFT_VERSION = 5.0;
				TARGETED_DEVICE_FAMILY = "1,2";
			};
			name = Release;
		};
		21892AE224E5209000630677 /* Debug */ = {
			isa = XCBuildConfiguration;
			baseConfigurationReference = 619A5ED99EC2CD54692AC511 /* Pods-PollingController-PollingControllerTests.debug.xcconfig */;
			buildSettings = {
				ALWAYS_EMBED_SWIFT_STANDARD_LIBRARIES = YES;
				CODE_SIGN_STYLE = Automatic;
				DEVELOPMENT_TEAM = UE4U5XA7R9;
				INFOPLIST_FILE = "PollingControllerTests/Supporting Files/Info.plist";
				LD_RUNPATH_SEARCH_PATHS = (
					"$(inherited)",
					"@executable_path/Frameworks",
					"@loader_path/Frameworks",
				);
				PRODUCT_BUNDLE_IDENTIFIER = de.lukaswuerzburger.PollingControllerTests;
				PRODUCT_NAME = "$(TARGET_NAME)";
				SWIFT_VERSION = 5.0;
				TARGETED_DEVICE_FAMILY = "1,2";
			};
			name = Debug;
		};
		21892AE324E5209000630677 /* Release */ = {
			isa = XCBuildConfiguration;
			baseConfigurationReference = 91187777334BC59C6672FAEF /* Pods-PollingController-PollingControllerTests.release.xcconfig */;
			buildSettings = {
				ALWAYS_EMBED_SWIFT_STANDARD_LIBRARIES = YES;
				CODE_SIGN_STYLE = Automatic;
				DEVELOPMENT_TEAM = UE4U5XA7R9;
				INFOPLIST_FILE = "PollingControllerTests/Supporting Files/Info.plist";
				LD_RUNPATH_SEARCH_PATHS = (
					"$(inherited)",
					"@executable_path/Frameworks",
					"@loader_path/Frameworks",
				);
				PRODUCT_BUNDLE_IDENTIFIER = de.lukaswuerzburger.PollingControllerTests;
				PRODUCT_NAME = "$(TARGET_NAME)";
				SWIFT_VERSION = 5.0;
				TARGETED_DEVICE_FAMILY = "1,2";
			};
			name = Release;
		};
/* End XCBuildConfiguration section */

/* Begin XCConfigurationList section */
		2162BEFA24E7FA4700BEE369 /* Build configuration list for PBXNativeTarget "PollingControllerDemo" */ = {
			isa = XCConfigurationList;
			buildConfigurations = (
				2162BEF824E7FA4700BEE369 /* Debug */,
				2162BEF924E7FA4700BEE369 /* Release */,
			);
			defaultConfigurationIsVisible = 0;
			defaultConfigurationName = Release;
		};
		21892AC424E5209000630677 /* Build configuration list for PBXProject "PollingController" */ = {
			isa = XCConfigurationList;
			buildConfigurations = (
				21892ADC24E5209000630677 /* Debug */,
				21892ADD24E5209000630677 /* Release */,
			);
			defaultConfigurationIsVisible = 0;
			defaultConfigurationName = Release;
		};
		21892ADE24E5209000630677 /* Build configuration list for PBXNativeTarget "PollingController" */ = {
			isa = XCConfigurationList;
			buildConfigurations = (
				21892ADF24E5209000630677 /* Debug */,
				21892AE024E5209000630677 /* Release */,
			);
			defaultConfigurationIsVisible = 0;
			defaultConfigurationName = Release;
		};
		21892AE124E5209000630677 /* Build configuration list for PBXNativeTarget "PollingControllerTests" */ = {
			isa = XCConfigurationList;
			buildConfigurations = (
				21892AE224E5209000630677 /* Debug */,
				21892AE324E5209000630677 /* Release */,
			);
			defaultConfigurationIsVisible = 0;
			defaultConfigurationName = Release;
		};
/* End XCConfigurationList section */
	};
	rootObject = 21892AC124E5209000630677 /* Project object */;
}
